PODS:
  - LookinServer (1.0.0)
  - SVProgressHUD (2.2.5)

DEPENDENCIES:
  - LookinServer (= 1.0.0)
  - SVProgressHUD (from `https://github.com/SVProgressHUD/SVProgressHUD.git`, tag `2.2.5`)

SPEC REPOS:
  trunk:
    - LookinServer

EXTERNAL SOURCES:
  SVProgressHUD:
    :git: https://github.com/SVProgressHUD/SVProgressHUD.git
    :tag: 2.2.5

CHECKOUT OPTIONS:
  SVProgressHUD:
    :git: https://github.com/SVProgressHUD/SVProgressHUD.git
    :tag: 2.2.5

SPEC CHECKSUMS:
  LookinServer: 0002891cd3cec5e082a910e897dfe71b4f06b89e
  SVProgressHUD: 1428aafac632c1f86f62aa4243ec12008d7a51d6

PODFILE CHECKSUM: af3125beca02d83268a3ffdb5c82bc130ebd4622

COCOAPODS: 1.11.3
